// !$*UTF8*$!
{
	archiveVersion = 1;
	classes = {
	};
	objectVersion = 46;
	objects = {

/* Begin PBXBuildFile section */
		53043C3B1EE084A9006ADC82 /* Reachability.m in Sources */ = {isa = PBXBuildFile; fileRef = 53043C3A1EE084A9006ADC82 /* Reachability.m */; };
		53043C3D1EE204AA006ADC82 /* MusicVideoTVC.swift in Sources */ = {isa = PBXBuildFile; fileRef = 53043C3C1EE204AA006ADC82 /* MusicVideoTVC.swift */; };
		53043C3F1EE21871006ADC82 /* MusicVideoTableViewCell.swift in Sources */ = {isa = PBXBuildFile; fileRef = 53043C3E1EE21871006ADC82 /* MusicVideoTableViewCell.swift */; };
		53043C411EE25AB0006ADC82 /* MusicVideoDetailVC.swift in Sources */ = {isa = PBXBuildFile; fileRef = 53043C401EE25AB0006ADC82 /* MusicVideoDetailVC.swift */; };
		535E0B601EAC4FBD00F5E31D /* AppDelegate.swift in Sources */ = {isa = PBXBuildFile; fileRef = 535E0B5F1EAC4FBD00F5E31D /* AppDelegate.swift */; };
		535E0B621EAC4FBD00F5E31D /* ViewController.swift in Sources */ = {isa = PBXBuildFile; fileRef = 535E0B611EAC4FBD00F5E31D /* ViewController.swift */; };
		535E0B651EAC4FBD00F5E31D /* Main.storyboard in Resources */ = {isa = PBXBuildFile; fileRef = 535E0B631EAC4FBD00F5E31D /* Main.storyboard */; };
		535E0B671EAC4FBD00F5E31D /* Assets.xcassets in Resources */ = {isa = PBXBuildFile; fileRef = 535E0B661EAC4FBD00F5E31D /* Assets.xcassets */; };
		535E0B6A1EAC4FBD00F5E31D /* LaunchScreen.storyboard in Resources */ = {isa = PBXBuildFile; fileRef = 535E0B681EAC4FBD00F5E31D /* LaunchScreen.storyboard */; };
		535E0B761EAC883700F5E31D /* APIManager.swift in Sources */ = {isa = PBXBuildFile; fileRef = 535E0B751EAC883700F5E31D /* APIManager.swift */; };
		535E0B791EAE95A300F5E31D /* Constants.swift in Sources */ = {isa = PBXBuildFile; fileRef = 535E0B781EAE95A300F5E31D /* Constants.swift */; };
		535E0B7B1EAE981400F5E31D /* MusicVideo.swift in Sources */ = {isa = PBXBuildFile; fileRef = 535E0B7A1EAE981400F5E31D /* MusicVideo.swift */; };
/* End PBXBuildFile section */

/* Begin PBXFileReference section */
		53043C381EE084A8006ADC82 /* MusicVideo-Bridging-Header.h */ = {isa = PBXFileReference; lastKnownFileType = sourcecode.c.h; path = "MusicVideo-Bridging-Header.h"; sourceTree = "<group>"; };
		53043C391EE084A9006ADC82 /* Reachability.h */ = {isa = PBXFileReference; fileEncoding = 4; lastKnownFileType = sourcecode.c.h; path = Reachability.h; sourceTree = "<group>"; };
		53043C3A1EE084A9006ADC82 /* Reachability.m */ = {isa = PBXFileReference; fileEncoding = 4; lastKnownFileType = sourcecode.c.objc; path = Reachability.m; sourceTree = "<group>"; };
		53043C3C1EE204AA006ADC82 /* MusicVideoTVC.swift */ = {isa = PBXFileReference; fileEncoding = 4; lastKnownFileType = sourcecode.swift; path = MusicVideoTVC.swift; sourceTree = "<group>"; };
		53043C3E1EE21871006ADC82 /* MusicVideoTableViewCell.swift */ = {isa = PBXFileReference; fileEncoding = 4; lastKnownFileType = sourcecode.swift; path = MusicVideoTableViewCell.swift; sourceTree = "<group>"; };
		53043C401EE25AB0006ADC82 /* MusicVideoDetailVC.swift */ = {isa = PBXFileReference; fileEncoding = 4; lastKnownFileType = sourcecode.swift; path = MusicVideoDetailVC.swift; sourceTree = "<group>"; };
		535E0B5C1EAC4FBD00F5E31D /* MusicVideo.app */ = {isa = PBXFileReference; explicitFileType = wrapper.application; includeInIndex = 0; path = MusicVideo.app; sourceTree = BUILT_PRODUCTS_DIR; };
		535E0B5F1EAC4FBD00F5E31D /* AppDelegate.swift */ = {isa = PBXFileReference; lastKnownFileType = sourcecode.swift; path = AppDelegate.swift; sourceTree = "<group>"; };
		535E0B611EAC4FBD00F5E31D /* ViewController.swift */ = {isa = PBXFileReference; lastKnownFileType = sourcecode.swift; path = ViewController.swift; sourceTree = "<group>"; };
		535E0B641EAC4FBD00F5E31D /* Base */ = {isa = PBXFileReference; lastKnownFileType = file.storyboard; name = Base; path = Base.lproj/Main.storyboard; sourceTree = "<group>"; };
		535E0B661EAC4FBD00F5E31D /* Assets.xcassets */ = {isa = PBXFileReference; lastKnownFileType = folder.assetcatalog; path = Assets.xcassets; sourceTree = "<group>"; };
		535E0B691EAC4FBD00F5E31D /* Base */ = {isa = PBXFileReference; lastKnownFileType = file.storyboard; name = Base; path = Base.lproj/LaunchScreen.storyboard; sourceTree = "<group>"; };
		535E0B6B1EAC4FBD00F5E31D /* Info.plist */ = {isa = PBXFileReference; lastKnownFileType = text.plist.xml; path = Info.plist; sourceTree = "<group>"; };
		535E0B751EAC883700F5E31D /* APIManager.swift */ = {isa = PBXFileReference; fileEncoding = 4; lastKnownFileType = sourcecode.swift; path = APIManager.swift; sourceTree = "<group>"; };
		535E0B781EAE95A300F5E31D /* Constants.swift */ = {isa = PBXFileReference; fileEncoding = 4; lastKnownFileType = sourcecode.swift; path = Constants.swift; sourceTree = "<group>"; };
		535E0B7A1EAE981400F5E31D /* MusicVideo.swift */ = {isa = PBXFileReference; fileEncoding = 4; lastKnownFileType = sourcecode.swift; path = MusicVideo.swift; sourceTree = "<group>"; };
/* End PBXFileReference section */

/* Begin PBXFrameworksBuildPhase section */
		535E0B591EAC4FBD00F5E31D /* Frameworks */ = {
			isa = PBXFrameworksBuildPhase;
			buildActionMask = 2147483647;
			files = (
			);
			runOnlyForDeploymentPostprocessing = 0;
		};
/* End PBXFrameworksBuildPhase section */

/* Begin PBXGroup section */
		53043C371EE07FF7006ADC82 /* Obj-c */ = {
			isa = PBXGroup;
			children = (
				53043C391EE084A9006ADC82 /* Reachability.h */,
				53043C3A1EE084A9006ADC82 /* Reachability.m */,
				53043C381EE084A8006ADC82 /* MusicVideo-Bridging-Header.h */,
			);
			name = "Obj-c";
			sourceTree = "<group>";
		};
		535E0B531EAC4FBD00F5E31D = {
			isa = PBXGroup;
			children = (
				535E0B5E1EAC4FBD00F5E31D /* MusicVideo */,
				535E0B5D1EAC4FBD00F5E31D /* Products */,
			);
			sourceTree = "<group>";
		};
		535E0B5D1EAC4FBD00F5E31D /* Products */ = {
			isa = PBXGroup;
			children = (
				535E0B5C1EAC4FBD00F5E31D /* MusicVideo.app */,
			);
			name = Products;
			sourceTree = "<group>";
		};
		535E0B5E1EAC4FBD00F5E31D /* MusicVideo */ = {
			isa = PBXGroup;
			children = (
				53043C371EE07FF7006ADC82 /* Obj-c */,
				535E0B771EAE957D00F5E31D /* Utils */,
				535E0B741EAC5A6A00F5E31D /* Suppoting Files */,
				535E0B711EAC5A4E00F5E31D /* Model */,
				535E0B721EAC5A5A00F5E31D /* View */,
				535E0B731EAC5A6200F5E31D /* Controller */,
			);
			path = MusicVideo;
			sourceTree = "<group>";
		};
		535E0B711EAC5A4E00F5E31D /* Model */ = {
			isa = PBXGroup;
			children = (
				535E0B751EAC883700F5E31D /* APIManager.swift */,
				535E0B7A1EAE981400F5E31D /* MusicVideo.swift */,
			);
			name = Model;
			sourceTree = "<group>";
		};
		535E0B721EAC5A5A00F5E31D /* View */ = {
			isa = PBXGroup;
			children = (
				535E0B631EAC4FBD00F5E31D /* Main.storyboard */,
				53043C401EE25AB0006ADC82 /* MusicVideoDetailVC.swift */,
				535E0B681EAC4FBD00F5E31D /* LaunchScreen.storyboard */,
			);
			name = View;
			sourceTree = "<group>";
		};
		535E0B731EAC5A6200F5E31D /* Controller */ = {
			isa = PBXGroup;
			children = (
				535E0B611EAC4FBD00F5E31D /* ViewController.swift */,
				53043C3C1EE204AA006ADC82 /* MusicVideoTVC.swift */,
				53043C3E1EE21871006ADC82 /* MusicVideoTableViewCell.swift */,
			);
			name = Controller;
			sourceTree = "<group>";
		};
		535E0B741EAC5A6A00F5E31D /* Suppoting Files */ = {
			isa = PBXGroup;
			children = (
				535E0B5F1EAC4FBD00F5E31D /* AppDelegate.swift */,
				535E0B6B1EAC4FBD00F5E31D /* Info.plist */,
				535E0B661EAC4FBD00F5E31D /* Assets.xcassets */,
			);
			name = "Suppoting Files";
			sourceTree = "<group>";
		};
		535E0B771EAE957D00F5E31D /* Utils */ = {
			isa = PBXGroup;
			children = (
				535E0B781EAE95A300F5E31D /* Constants.swift */,
			);
			name = Utils;
			sourceTree = "<group>";
		};
/* End PBXGroup section */

/* Begin PBXNativeTarget section */
		535E0B5B1EAC4FBD00F5E31D /* MusicVideo */ = {
			isa = PBXNativeTarget;
			buildConfigurationList = 535E0B6E1EAC4FBD00F5E31D /* Build configuration list for PBXNativeTarget "MusicVideo" */;
			buildPhases = (
				535E0B581EAC4FBD00F5E31D /* Sources */,
				535E0B591EAC4FBD00F5E31D /* Frameworks */,
				535E0B5A1EAC4FBD00F5E31D /* Resources */,
			);
			buildRules = (
			);
			dependencies = (
			);
			name = MusicVideo;
			productName = MusicVideo;
			productReference = 535E0B5C1EAC4FBD00F5E31D /* MusicVideo.app */;
			productType = "com.apple.product-type.application";
		};
/* End PBXNativeTarget section */

/* Begin PBXProject section */
		535E0B541EAC4FBD00F5E31D /* Project object */ = {
			isa = PBXProject;
			attributes = {
				LastSwiftUpdateCheck = 0830;
				LastUpgradeCheck = 0830;
				ORGANIZATIONNAME = "Clyff Millet";
				TargetAttributes = {
					535E0B5B1EAC4FBD00F5E31D = {
						CreatedOnToolsVersion = 8.3.1;
						LastSwiftMigration = 0830;
						ProvisioningStyle = Automatic;
					};
				};
			};
			buildConfigurationList = 535E0B571EAC4FBD00F5E31D /* Build configuration list for PBXProject "MusicVideo" */;
			compatibilityVersion = "Xcode 3.2";
			developmentRegion = English;
			hasScannedForEncodings = 0;
			knownRegions = (
				en,
				Base,
			);
			mainGroup = 535E0B531EAC4FBD00F5E31D;
			productRefGroup = 535E0B5D1EAC4FBD00F5E31D /* Products */;
			projectDirPath = "";
			projectRoot = "";
			targets = (
				535E0B5B1EAC4FBD00F5E31D /* MusicVideo */,
			);
		};
/* End PBXProject section */

/* Begin PBXResourcesBuildPhase section */
		535E0B5A1EAC4FBD00F5E31D /* Resources */ = {
			isa = PBXResourcesBuildPhase;
			buildActionMask = 2147483647;
			files = (
				535E0B6A1EAC4FBD00F5E31D /* LaunchScreen.storyboard in Resources */,
				535E0B671EAC4FBD00F5E31D /* Assets.xcassets in Resources */,
				535E0B651EAC4FBD00F5E31D /* Main.storyboard in Resources */,
			);
			runOnlyForDeploymentPostprocessing = 0;
		};
/* End PBXResourcesBuildPhase section */

/* Begin PBXSourcesBuildPhase section */
		535E0B581EAC4FBD00F5E31D /* Sources */ = {
			isa = PBXSourcesBuildPhase;
			buildActionMask = 2147483647;
			files = (
				535E0B761EAC883700F5E31D /* APIManager.swift in Sources */,
				53043C411EE25AB0006ADC82 /* MusicVideoDetailVC.swift in Sources */,
				535E0B621EAC4FBD00F5E31D /* ViewController.swift in Sources */,
				535E0B7B1EAE981400F5E31D /* MusicVideo.swift in Sources */,
				53043C3F1EE21871006ADC82 /* MusicVideoTableViewCell.swift in Sources */,
				535E0B601EAC4FBD00F5E31D /* AppDelegate.swift in Sources */,
				53043C3B1EE084A9006ADC82 /* Reachability.m in Sources */,
				535E0B791EAE95A300F5E31D /* Constants.swift in Sources */,
				53043C3D1EE204AA006ADC82 /* MusicVideoTVC.swift in Sources */,
			);
			runOnlyForDeploymentPostprocessing = 0;
		};
/* End PBXSourcesBuildPhase section */

/* Begin PBXVariantGroup section */
		535E0B631EAC4FBD00F5E31D /* Main.storyboard */ = {
			isa = PBXVariantGroup;
			children = (
				535E0B641EAC4FBD00F5E31D /* Base */,
			);
			name = Main.storyboard;
			sourceTree = "<group>";
		};
		535E0B681EAC4FBD00F5E31D /* LaunchScreen.storyboard */ = {
			isa = PBXVariantGroup;
			children = (
				535E0B691EAC4FBD00F5E31D /* Base */,
			);
			name = LaunchScreen.storyboard;
			sourceTree = "<group>";
		};
/* End PBXVariantGroup section */

/* Begin XCBuildConfiguration section */
		535E0B6C1EAC4FBD00F5E31D /* Debug */ = {
			isa = XCBuildConfiguration;
			buildSettings = {
				ALWAYS_SEARCH_USER_PATHS = NO;
				CLANG_ANALYZER_NONNULL = YES;
				CLANG_ANALYZER_NUMBER_OBJECT_CONVERSION = YES_AGGRESSIVE;
				CLANG_CXX_LANGUAGE_STANDARD = "gnu++0x";
				CLANG_CXX_LIBRARY = "libc++";
				CLANG_ENABLE_MODULES = YES;
				CLANG_ENABLE_OBJC_ARC = YES;
				CLANG_WARN_BOOL_CONVERSION = YES;
				CLANG_WARN_CONSTANT_CONVERSION = YES;
				CLANG_WARN_DIRECT_OBJC_ISA_USAGE = YES_ERROR;
				CLANG_WARN_DOCUMENTATION_COMMENTS = YES;
				CLANG_WARN_EMPTY_BODY = YES;
				CLANG_WARN_ENUM_CONVERSION = YES;
				CLANG_WARN_INFINITE_RECURSION = YES;
				CLANG_WARN_INT_CONVERSION = YES;
				CLANG_WARN_OBJC_ROOT_CLASS = YES_ERROR;
				CLANG_WARN_SUSPICIOUS_MOVE = YES;
				CLANG_WARN_UNREACHABLE_CODE = YES;
				CLANG_WARN__DUPLICATE_METHOD_MATCH = YES;
				"CODE_SIGN_IDENTITY[sdk=iphoneos*]" = "iPhone Developer";
				COPY_PHASE_STRIP = NO;
				DEBUG_INFORMATION_FORMAT = dwarf;
				ENABLE_STRICT_OBJC_MSGSEND = YES;
				ENABLE_TESTABILITY = YES;
				GCC_C_LANGUAGE_STANDARD = gnu99;
				GCC_DYNAMIC_NO_PIC = NO;
				GCC_NO_COMMON_BLOCKS = YES;
				GCC_OPTIMIZATION_LEVEL = 0;
				GCC_PREPROCESSOR_DEFINITIONS = (
					"DEBUG=1",
					"$(inherited)",
				);
				GCC_WARN_64_TO_32_BIT_CONVERSION = YES;
				GCC_WARN_ABOUT_RETURN_TYPE = YES_ERROR;
				GCC_WARN_UNDECLARED_SELECTOR = YES;
				GCC_WARN_UNINITIALIZED_AUTOS = YES_AGGRESSIVE;
				GCC_WARN_UNUSED_FUNCTION = YES;
				GCC_WARN_UNUSED_VARIABLE = YES;
				IPHONEOS_DEPLOYMENT_TARGET = 10.3;
				MTL_ENABLE_DEBUG_INFO = YES;
				ONLY_ACTIVE_ARCH = YES;
				SDKROOT = iphoneos;
				SWIFT_ACTIVE_COMPILATION_CONDITIONS = DEBUG;
				SWIFT_OPTIMIZATION_LEVEL = "-Onone";
				TARGETED_DEVICE_FAMILY = "1,2";
			};
			name = Debug;
		};
		535E0B6D1EAC4FBD00F5E31D /* Release */ = {
			isa = XCBuildConfiguration;
			buildSettings = {
				ALWAYS_SEARCH_USER_PATHS = NO;
				CLANG_ANALYZER_NONNULL = YES;
				CLANG_ANALYZER_NUMBER_OBJECT_CONVERSION = YES_AGGRESSIVE;
				CLANG_CXX_LANGUAGE_STANDARD = "gnu++0x";
				CLANG_CXX_LIBRARY = "libc++";
				CLANG_ENABLE_MODULES = YES;
				CLANG_ENABLE_OBJC_ARC = YES;
				CLANG_WARN_BOOL_CONVERSION = YES;
				CLANG_WARN_CONSTANT_CONVERSION = YES;
				CLANG_WARN_DIRECT_OBJC_ISA_USAGE = YES_ERROR;
				CLANG_WARN_DOCUMENTATION_COMMENTS = YES;
				CLANG_WARN_EMPTY_BODY = YES;
				CLANG_WARN_ENUM_CONVERSION = YES;
				CLANG_WARN_INFINITE_RECURSION = YES;
				CLANG_WARN_INT_CONVERSION = YES;
				CLANG_WARN_OBJC_ROOT_CLASS = YES_ERROR;
				CLANG_WARN_SUSPICIOUS_MOVE = YES;
				CLANG_WARN_UNREACHABLE_CODE = YES;
				CLANG_WARN__DUPLICATE_METHOD_MATCH = YES;
				"CODE_SIGN_IDENTITY[sdk=iphoneos*]" = "iPhone Developer";
				COPY_PHASE_STRIP = NO;
				DEBUG_INFORMATION_FORMAT = "dwarf-with-dsym";
				ENABLE_NS_ASSERTIONS = NO;
				ENABLE_STRICT_OBJC_MSGSEND = YES;
				GCC_C_LANGUAGE_STANDARD = gnu99;
				GCC_NO_COMMON_BLOCKS = YES;
				GCC_WARN_64_TO_32_BIT_CONVERSION = YES;
				GCC_WARN_ABOUT_RETURN_TYPE = YES_ERROR;
				GCC_WARN_UNDECLARED_SELECTOR = YES;
				GCC_WARN_UNINITIALIZED_AUTOS = YES_AGGRESSIVE;
				GCC_WARN_UNUSED_FUNCTION = YES;
				GCC_WARN_UNUSED_VARIABLE = YES;
				IPHONEOS_DEPLOYMENT_TARGET = 10.3;
				MTL_ENABLE_DEBUG_INFO = NO;
				SDKROOT = iphoneos;
				SWIFT_OPTIMIZATION_LEVEL = "-Owholemodule";
				TARGETED_DEVICE_FAMILY = "1,2";
				VALIDATE_PRODUCT = YES;
			};
			name = Release;
		};
		535E0B6F1EAC4FBD00F5E31D /* Debug */ = {
			isa = XCBuildConfiguration;
			buildSettings = {
				ASSETCATALOG_COMPILER_APPICON_NAME = AppIcon;
				CLANG_ENABLE_MODULES = YES;
				INFOPLIST_FILE = MusicVideo/Info.plist;
				LD_RUNPATH_SEARCH_PATHS = "$(inherited) @executable_path/Frameworks";
				PRODUCT_BUNDLE_IDENTIFIER = com.clyffapps.MusicVideo;
				PRODUCT_NAME = "$(TARGET_NAME)";
				SWIFT_OBJC_BRIDGING_HEADER = "MusicVideo/MusicVideo-Bridging-Header.h";
				SWIFT_OPTIMIZATION_LEVEL = "-Onone";
				SWIFT_VERSION = 3.0;
			};
			name = Debug;
		};
		535E0B701EAC4FBD00F5E31D /* Release */ = {
			isa = XCBuildConfiguration;
			buildSettings = {
				ASSETCATALOG_COMPILER_APPICON_NAME = AppIcon;
				CLANG_ENABLE_MODULES = YES;
				INFOPLIST_FILE = MusicVideo/Info.plist;
				LD_RUNPATH_SEARCH_PATHS = "$(inherited) @executable_path/Frameworks";
				PRODUCT_BUNDLE_IDENTIFIER = com.clyffapps.MusicVideo;
				PRODUCT_NAME = "$(TARGET_NAME)";
				SWIFT_OBJC_BRIDGING_HEADER = "MusicVideo/MusicVideo-Bridging-Header.h";
				SWIFT_VERSION = 3.0;
			};
			name = Release;
		};
/* End XCBuildConfiguration section */

/* Begin XCConfigurationList section */
		535E0B571EAC4FBD00F5E31D /* Build configuration list for PBXProject "MusicVideo" */ = {
			isa = XCConfigurationList;
			buildConfigurations = (
				535E0B6C1EAC4FBD00F5E31D /* Debug */,
				535E0B6D1EAC4FBD00F5E31D /* Release */,
			);
			defaultConfigurationIsVisible = 0;
			defaultConfigurationName = Release;
		};
		535E0B6E1EAC4FBD00F5E31D /* Build configuration list for PBXNativeTarget "MusicVideo" */ = {
			isa = XCConfigurationList;
			buildConfigurations = (
				535E0B6F1EAC4FBD00F5E31D /* Debug */,
				535E0B701EAC4FBD00F5E31D /* Release */,
			);
			defaultConfigurationIsVisible = 0;
			defaultConfigurationName = Release;
		};
/* End XCConfigurationList section */
	};
	rootObject = 535E0B541EAC4FBD00F5E31D /* Project object */;
}
